{
  "meteor": {},
  "dependencies": {
    "basePackages": {
      "chartjs": {},
      "jquery-ui": {},
      "moment": {},
      "twilio-meteor": {},
      "twilio": {},
      "rickshaw": {}
    },
    "packages": {
      "chartjs": {
        "git": "https://github.com/donskifarrell/meteor-chartjs.git",
        "tag": "v0.0.4",
        "commit": "9d2adcd1de3728c8227e8eb7da0dcb2e0df21d0b"
      },
      "jquery-ui": {
        "git": "https://github.com/TimHeckel/meteor-jquery-ui.git",
        "tag": "v1.9.2",
        "commit": "c437d45edcf1367df8d5ffa8bad2867758030bd2"
      },
      "moment": {
        "git": "https://github.com/acreeger/meteor-moment.git",
        "tag": "v2.5.1",
        "commit": "8c9bc5d3fc96705057737cb9743d555417f6e551"
      },
      "twilio-meteor": {
        "git": "https://github.com/andreioprisan/twilio-meteor.git",
        "tag": "v1.1.0",
        "commit": "7f36ec52fc334caf8b740320524df62afce890e1"
      },
      "twilio": {
        "git": "https://github.com/cultofmetatron/twilio-meteor.git",
        "tag": "v1.1.0",
        "commit": "ca454cabac4b074b4a6a61dfe8c9d118d0934b3a"
      },
      "rickshaw": {
        "git": "https://github.com/bitIO/meteor-rickshaw.git",
        "tag": "v0.0.2",
        "commit": "3387214eb34482979d65ddde99bad0cf59e5cade"
      },
      "d3js-package": {
        "git": "https://github.com/acidsound/d3js-package.git",
        "tag": "v0.5.1",
        "commit": "7d3eda4fca00782624ef8e99db84488711ba17e3"
      }
    }
  }
}
